
Microsoft Visual Studio Solution File, Format Version 12.00
# Visual Studio Version 17
VisualStudioVersion = 17.13.35931.197 d17.13
MinimumVisualStudioVersion = 10.0.40219.1
Project("{FAE04EC0-301F-11D3-BF4B-00C04F79EFBC}") = "Tetris", "Tetris\Tetris.csproj", "{3C3D2BBB-52D0-4363-9D0D-0943FBF1B36E}"
EndProject
Global
	GlobalSection(SolutionConfigurationPlatforms) = preSolution
		Debug|Any CPU = Debug|Any CPU
		Release|Any CPU = Release|Any CPU
	EndGlobalSection
	GlobalSection(ProjectConfigurationPlatforms) = postSolution
		{3C3D2BBB-52D0-4363-9D0D-0943FBF1B36E}.Debug|Any CPU.ActiveCfg = Debug|Any CPU
		{3C3D2BBB-52D0-4363-9D0D-0943FBF1B36E}.Debug|Any CPU.Build.0 = Debug|Any CPU
		{3C3D2BBB-52D0-4363-9D0D-0943FBF1B36E}.Release|Any CPU.ActiveCfg = Release|Any CPU
		{3C3D2BBB-52D0-4363-9D0D-0943FBF1B36E}.Release|Any CPU.Build.0 = Release|Any CPU
	EndGlobalSection
	GlobalSection(SolutionProperties) = preSolution
		HideSolutionNode = FALSE
	EndGlobalSection
	GlobalSection(ExtensibilityGlobals) = postSolution
		SolutionGuid = {318D8A76-1BC3-4EB7-8D22-6C0DA51EEDA5}
	EndGlobalSection
EndGlobal
